// !$*UTF8*$!
{
	archiveVersion = 1;
	classes = {
	};
	objectVersion = 50;
	objects = {

/* Begin PBXBuildFile section */
		1B4868AD21C1B3960001B41D /* Main.storyboard in Resources */ = {isa = PBXBuildFile; fileRef = 1B4868AB21C1B3960001B41D /* Main.storyboard */; };
		1B4868B021C1B3960001B41D /* AppDelegate.swift in Sources */ = {isa = PBXBuildFile; fileRef = 1B4868AF21C1B3960001B41D /* AppDelegate.swift */; };
		1B4868B221C1B3970001B41D /* Assets.xcassets in Resources */ = {isa = PBXBuildFile; fileRef = 1B4868B121C1B3970001B41D /* Assets.xcassets */; };
		1B4868B521C1B3970001B41D /* LaunchScreen.storyboard in Resources */ = {isa = PBXBuildFile; fileRef = 1B4868B321C1B3970001B41D /* LaunchScreen.storyboard */; };
		1B4868BD21C1B3C50001B41D /* Person.swift in Sources */ = {isa = PBXBuildFile; fileRef = 1B4868BC21C1B3C50001B41D /* Person.swift */; };
		1B4868BF21C1B54F0001B41D /* PersonController.swift in Sources */ = {isa = PBXBuildFile; fileRef = 1B4868BE21C1B54F0001B41D /* PersonController.swift */; };
		1B4868C121C1C9450001B41D /* FavoriteEmojiTableViewController.swift in Sources */ = {isa = PBXBuildFile; fileRef = 1B4868C021C1C9450001B41D /* FavoriteEmojiTableViewController.swift */; };
		1B4868C321C1D5210001B41D /* EmojiTextField.swift in Sources */ = {isa = PBXBuildFile; fileRef = 1B4868C221C1D5210001B41D /* EmojiTextField.swift */; };
/* End PBXBuildFile section */

/* Begin PBXFileReference section */
		1B48689C21C1B3960001B41D /* myFavoriteEmoji.app */ = {isa = PBXFileReference; explicitFileType = wrapper.application; includeInIndex = 0; path = myFavoriteEmoji.app; sourceTree = BUILT_PRODUCTS_DIR; };
		1B4868AC21C1B3960001B41D /* Base */ = {isa = PBXFileReference; lastKnownFileType = file.storyboard; name = Base; path = Base.lproj/Main.storyboard; sourceTree = "<group>"; };
		1B4868AF21C1B3960001B41D /* AppDelegate.swift */ = {isa = PBXFileReference; lastKnownFileType = sourcecode.swift; path = AppDelegate.swift; sourceTree = "<group>"; };
		1B4868B121C1B3970001B41D /* Assets.xcassets */ = {isa = PBXFileReference; lastKnownFileType = folder.assetcatalog; path = Assets.xcassets; sourceTree = "<group>"; };
		1B4868B421C1B3970001B41D /* Base */ = {isa = PBXFileReference; lastKnownFileType = file.storyboard; name = Base; path = Base.lproj/LaunchScreen.storyboard; sourceTree = "<group>"; };
		1B4868B621C1B3970001B41D /* Info.plist */ = {isa = PBXFileReference; lastKnownFileType = text.plist.xml; path = Info.plist; sourceTree = "<group>"; };
		1B4868BC21C1B3C50001B41D /* Person.swift */ = {isa = PBXFileReference; lastKnownFileType = sourcecode.swift; path = Person.swift; sourceTree = "<group>"; };
		1B4868BE21C1B54F0001B41D /* PersonController.swift */ = {isa = PBXFileReference; lastKnownFileType = sourcecode.swift; path = PersonController.swift; sourceTree = "<group>"; };
		1B4868C021C1C9450001B41D /* FavoriteEmojiTableViewController.swift */ = {isa = PBXFileReference; lastKnownFileType = sourcecode.swift; path = FavoriteEmojiTableViewController.swift; sourceTree = "<group>"; };
		1B4868C221C1D5210001B41D /* EmojiTextField.swift */ = {isa = PBXFileReference; lastKnownFileType = sourcecode.swift; path = EmojiTextField.swift; sourceTree = "<group>"; };
/* End PBXFileReference section */

/* Begin PBXFrameworksBuildPhase section */
		1B48689921C1B3960001B41D /* Frameworks */ = {
			isa = PBXFrameworksBuildPhase;
			buildActionMask = 2147483647;
			files = (
			);
			runOnlyForDeploymentPostprocessing = 0;
		};
/* End PBXFrameworksBuildPhase section */

/* Begin PBXGroup section */
		1B48689321C1B3960001B41D = {
			isa = PBXGroup;
			children = (
				1B48689E21C1B3960001B41D /* myFavoriteEmoji */,
				1B48689D21C1B3960001B41D /* Products */,
			);
			sourceTree = "<group>";
		};
		1B48689D21C1B3960001B41D /* Products */ = {
			isa = PBXGroup;
			children = (
				1B48689C21C1B3960001B41D /* myFavoriteEmoji.app */,
			);
			name = Products;
			sourceTree = "<group>";
		};
		1B48689E21C1B3960001B41D /* myFavoriteEmoji */ = {
			isa = PBXGroup;
			children = (
				1B48689F21C1B3960001B41D /* Models */,
				1B4868A221C1B3960001B41D /* Controllers */,
				1B4868A921C1B3960001B41D /* Views */,
				1B4868AE21C1B3960001B41D /* Resources */,
			);
			path = myFavoriteEmoji;
			sourceTree = "<group>";
		};
		1B48689F21C1B3960001B41D /* Models */ = {
			isa = PBXGroup;
			children = (
				1B4868BC21C1B3C50001B41D /* Person.swift */,
			);
			name = Models;
			sourceTree = "<group>";
		};
		1B4868A221C1B3960001B41D /* Controllers */ = {
			isa = PBXGroup;
			children = (
				1B4868A321C1B3960001B41D /* Model Controllers */,
				1B4868A621C1B3960001B41D /* View Controllers */,
			);
			name = Controllers;
			sourceTree = "<group>";
		};
		1B4868A321C1B3960001B41D /* Model Controllers */ = {
			isa = PBXGroup;
			children = (
				1B4868BE21C1B54F0001B41D /* PersonController.swift */,
			);
			name = "Model Controllers";
			sourceTree = "<group>";
		};
		1B4868A621C1B3960001B41D /* View Controllers */ = {
			isa = PBXGroup;
			children = (
				1B4868C021C1C9450001B41D /* FavoriteEmojiTableViewController.swift */,
				1B4868C221C1D5210001B41D /* EmojiTextField.swift */,
			);
			name = "View Controllers";
			sourceTree = "<group>";
		};
		1B4868A921C1B3960001B41D /* Views */ = {
			isa = PBXGroup;
			children = (
				1B4868AA21C1B3960001B41D /* Storyboards */,
			);
			name = Views;
			sourceTree = "<group>";
		};
		1B4868AA21C1B3960001B41D /* Storyboards */ = {
			isa = PBXGroup;
			children = (
				1B4868AB21C1B3960001B41D /* Main.storyboard */,
			);
			name = Storyboards;
			sourceTree = "<group>";
		};
		1B4868AE21C1B3960001B41D /* Resources */ = {
			isa = PBXGroup;
			children = (
				1B4868B121C1B3970001B41D /* Assets.xcassets */,
				1B4868B321C1B3970001B41D /* LaunchScreen.storyboard */,
				1B4868B621C1B3970001B41D /* Info.plist */,
				1B4868AF21C1B3960001B41D /* AppDelegate.swift */,
			);
			name = Resources;
			sourceTree = "<group>";
		};
/* End PBXGroup section */

/* Begin PBXNativeTarget section */
		1B48689B21C1B3960001B41D /* myFavoriteEmoji */ = {
			isa = PBXNativeTarget;
			buildConfigurationList = 1B4868B921C1B3970001B41D /* Build configuration list for PBXNativeTarget "myFavoriteEmoji" */;
			buildPhases = (
				1B48689821C1B3960001B41D /* Sources */,
				1B48689921C1B3960001B41D /* Frameworks */,
				1B48689A21C1B3960001B41D /* Resources */,
			);
			buildRules = (
			);
			dependencies = (
			);
			name = myFavoriteEmoji;
			productName = myFavoriteEmoji;
			productReference = 1B48689C21C1B3960001B41D /* myFavoriteEmoji.app */;
			productType = "com.apple.product-type.application";
		};
/* End PBXNativeTarget section */

/* Begin PBXProject section */
		1B48689421C1B3960001B41D /* Project object */ = {
			isa = PBXProject;
			attributes = {
				LastSwiftUpdateCheck = 1010;
				LastUpgradeCheck = 1010;
				ORGANIZATIONNAME = "Steve Lederer";
				TargetAttributes = {
					1B48689B21C1B3960001B41D = {
						CreatedOnToolsVersion = 10.1;
					};
				};
			};
			buildConfigurationList = 1B48689721C1B3960001B41D /* Build configuration list for PBXProject "myFavoriteEmoji" */;
			compatibilityVersion = "Xcode 9.3";
			developmentRegion = en;
			hasScannedForEncodings = 0;
			knownRegions = (
				en,
				Base,
			);
			mainGroup = 1B48689321C1B3960001B41D;
			productRefGroup = 1B48689D21C1B3960001B41D /* Products */;
			projectDirPath = "";
			projectRoot = "";
			targets = (
				1B48689B21C1B3960001B41D /* myFavoriteEmoji */,
			);
		};
/* End PBXProject section */

/* Begin PBXResourcesBuildPhase section */
		1B48689A21C1B3960001B41D /* Resources */ = {
			isa = PBXResourcesBuildPhase;
			buildActionMask = 2147483647;
			files = (
				1B4868B521C1B3970001B41D /* LaunchScreen.storyboard in Resources */,
				1B4868AD21C1B3960001B41D /* Main.storyboard in Resources */,
				1B4868B221C1B3970001B41D /* Assets.xcassets in Resources */,
			);
			runOnlyForDeploymentPostprocessing = 0;
		};
/* End PBXResourcesBuildPhase section */

/* Begin PBXSourcesBuildPhase section */
		1B48689821C1B3960001B41D /* Sources */ = {
			isa = PBXSourcesBuildPhase;
			buildActionMask = 2147483647;
			files = (
				1B4868C121C1C9450001B41D /* FavoriteEmojiTableViewController.swift in Sources */,
				1B4868BD21C1B3C50001B41D /* Person.swift in Sources */,
				1B4868BF21C1B54F0001B41D /* PersonController.swift in Sources */,
				1B4868B021C1B3960001B41D /* AppDelegate.swift in Sources */,
				1B4868C321C1D5210001B41D /* EmojiTextField.swift in Sources */,
			);
			runOnlyForDeploymentPostprocessing = 0;
		};
/* End PBXSourcesBuildPhase section */

/* Begin PBXVariantGroup section */
		1B4868AB21C1B3960001B41D /* Main.storyboard */ = {
			isa = PBXVariantGroup;
			children = (
				1B4868AC21C1B3960001B41D /* Base */,
			);
			name = Main.storyboard;
			sourceTree = "<group>";
		};
		1B4868B321C1B3970001B41D /* LaunchScreen.storyboard */ = {
			isa = PBXVariantGroup;
			children = (
				1B4868B421C1B3970001B41D /* Base */,
			);
			name = LaunchScreen.storyboard;
			sourceTree = "<group>";
		};
/* End PBXVariantGroup section */

/* Begin XCBuildConfiguration section */
		1B4868B721C1B3970001B41D /* Debug */ = {
			isa = XCBuildConfiguration;
			buildSettings = {
				ALWAYS_SEARCH_USER_PATHS = NO;
				CLANG_ANALYZER_NONNULL = YES;
				CLANG_ANALYZER_NUMBER_OBJECT_CONVERSION = YES_AGGRESSIVE;
				CLANG_CXX_LANGUAGE_STANDARD = "gnu++14";
				CLANG_CXX_LIBRARY = "libc++";
				CLANG_ENABLE_MODULES = YES;
				CLANG_ENABLE_OBJC_ARC = YES;
				CLANG_ENABLE_OBJC_WEAK = YES;
				CLANG_WARN_BLOCK_CAPTURE_AUTORELEASING = YES;
				CLANG_WARN_BOOL_CONVERSION = YES;
				CLANG_WARN_COMMA = YES;
				CLANG_WARN_CONSTANT_CONVERSION = YES;
				CLANG_WARN_DEPRECATED_OBJC_IMPLEMENTATIONS = YES;
				CLANG_WARN_DIRECT_OBJC_ISA_USAGE = YES_ERROR;
				CLANG_WARN_DOCUMENTATION_COMMENTS = YES;
				CLANG_WARN_EMPTY_BODY = YES;
				CLANG_WARN_ENUM_CONVERSION = YES;
				CLANG_WARN_INFINITE_RECURSION = YES;
				CLANG_WARN_INT_CONVERSION = YES;
				CLANG_WARN_NON_LITERAL_NULL_CONVERSION = YES;
				CLANG_WARN_OBJC_IMPLICIT_RETAIN_SELF = YES;
				CLANG_WARN_OBJC_LITERAL_CONVERSION = YES;
				CLANG_WARN_OBJC_ROOT_CLASS = YES_ERROR;
				CLANG_WARN_RANGE_LOOP_ANALYSIS = YES;
				CLANG_WARN_STRICT_PROTOTYPES = YES;
				CLANG_WARN_SUSPICIOUS_MOVE = YES;
				CLANG_WARN_UNGUARDED_AVAILABILITY = YES_AGGRESSIVE;
				CLANG_WARN_UNREACHABLE_CODE = YES;
				CLANG_WARN__DUPLICATE_METHOD_MATCH = YES;
				CODE_SIGN_IDENTITY = "iPhone Developer";
				COPY_PHASE_STRIP = NO;
				DEBUG_INFORMATION_FORMAT = dwarf;
				ENABLE_STRICT_OBJC_MSGSEND = YES;
				ENABLE_TESTABILITY = YES;
				GCC_C_LANGUAGE_STANDARD = gnu11;
				GCC_DYNAMIC_NO_PIC = NO;
				GCC_NO_COMMON_BLOCKS = YES;
				GCC_OPTIMIZATION_LEVEL = 0;
				GCC_PREPROCESSOR_DEFINITIONS = (
					"DEBUG=1",
					"$(inherited)",
				);
				GCC_WARN_64_TO_32_BIT_CONVERSION = YES;
				GCC_WARN_ABOUT_RETURN_TYPE = YES_ERROR;
				GCC_WARN_UNDECLARED_SELECTOR = YES;
				GCC_WARN_UNINITIALIZED_AUTOS = YES_AGGRESSIVE;
				GCC_WARN_UNUSED_FUNCTION = YES;
				GCC_WARN_UNUSED_VARIABLE = YES;
				IPHONEOS_DEPLOYMENT_TARGET = 12.1;
				MTL_ENABLE_DEBUG_INFO = INCLUDE_SOURCE;
				MTL_FAST_MATH = YES;
				ONLY_ACTIVE_ARCH = YES;
				SDKROOT = iphoneos;
				SWIFT_ACTIVE_COMPILATION_CONDITIONS = DEBUG;
				SWIFT_OPTIMIZATION_LEVEL = "-Onone";
			};
			name = Debug;
		};
		1B4868B821C1B3970001B41D /* Release */ = {
			isa = XCBuildConfiguration;
			buildSettings = {
				ALWAYS_SEARCH_USER_PATHS = NO;
				CLANG_ANALYZER_NONNULL = YES;
				CLANG_ANALYZER_NUMBER_OBJECT_CONVERSION = YES_AGGRESSIVE;
				CLANG_CXX_LANGUAGE_STANDARD = "gnu++14";
				CLANG_CXX_LIBRARY = "libc++";
				CLANG_ENABLE_MODULES = YES;
				CLANG_ENABLE_OBJC_ARC = YES;
				CLANG_ENABLE_OBJC_WEAK = YES;
				CLANG_WARN_BLOCK_CAPTURE_AUTORELEASING = YES;
				CLANG_WARN_BOOL_CONVERSION = YES;
				CLANG_WARN_COMMA = YES;
				CLANG_WARN_CONSTANT_CONVERSION = YES;
				CLANG_WARN_DEPRECATED_OBJC_IMPLEMENTATIONS = YES;
				CLANG_WARN_DIRECT_OBJC_ISA_USAGE = YES_ERROR;
				CLANG_WARN_DOCUMENTATION_COMMENTS = YES;
				CLANG_WARN_EMPTY_BODY = YES;
				CLANG_WARN_ENUM_CONVERSION = YES;
				CLANG_WARN_INFINITE_RECURSION = YES;
				CLANG_WARN_INT_CONVERSION = YES;
				CLANG_WARN_NON_LITERAL_NULL_CONVERSION = YES;
				CLANG_WARN_OBJC_IMPLICIT_RETAIN_SELF = YES;
				CLANG_WARN_OBJC_LITERAL_CONVERSION = YES;
				CLANG_WARN_OBJC_ROOT_CLASS = YES_ERROR;
				CLANG_WARN_RANGE_LOOP_ANALYSIS = YES;
				CLANG_WARN_STRICT_PROTOTYPES = YES;
				CLANG_WARN_SUSPICIOUS_MOVE = YES;
				CLANG_WARN_UNGUARDED_AVAILABILITY = YES_AGGRESSIVE;
				CLANG_WARN_UNREACHABLE_CODE = YES;
				CLANG_WARN__DUPLICATE_METHOD_MATCH = YES;
				CODE_SIGN_IDENTITY = "iPhone Developer";
				COPY_PHASE_STRIP = NO;
				DEBUG_INFORMATION_FORMAT = "dwarf-with-dsym";
				ENABLE_NS_ASSERTIONS = NO;
				ENABLE_STRICT_OBJC_MSGSEND = YES;
				GCC_C_LANGUAGE_STANDARD = gnu11;
				GCC_NO_COMMON_BLOCKS = YES;
				GCC_WARN_64_TO_32_BIT_CONVERSION = YES;
				GCC_WARN_ABOUT_RETURN_TYPE = YES_ERROR;
				GCC_WARN_UNDECLARED_SELECTOR = YES;
				GCC_WARN_UNINITIALIZED_AUTOS = YES_AGGRESSIVE;
				GCC_WARN_UNUSED_FUNCTION = YES;
				GCC_WARN_UNUSED_VARIABLE = YES;
				IPHONEOS_DEPLOYMENT_TARGET = 12.1;
				MTL_ENABLE_DEBUG_INFO = NO;
				MTL_FAST_MATH = YES;
				SDKROOT = iphoneos;
				SWIFT_COMPILATION_MODE = wholemodule;
				SWIFT_OPTIMIZATION_LEVEL = "-O";
				VALIDATE_PRODUCT = YES;
			};
			name = Release;
		};
		1B4868BA21C1B3970001B41D /* Debug */ = {
			isa = XCBuildConfiguration;
			buildSettings = {
				ASSETCATALOG_COMPILER_APPICON_NAME = AppIcon;
				CODE_SIGN_STYLE = Automatic;
				DEVELOPMENT_TEAM = 56CLV9J785;
				INFOPLIST_FILE = myFavoriteEmoji/Info.plist;
				LD_RUNPATH_SEARCH_PATHS = (
					"$(inherited)",
					"@executable_path/Frameworks",
				);
				PRODUCT_BUNDLE_IDENTIFIER = com.stevelederer.myFavoriteEmoji;
				PRODUCT_NAME = "$(TARGET_NAME)";
				SWIFT_VERSION = 4.2;
				TARGETED_DEVICE_FAMILY = "1,2";
			};
			name = Debug;
		};
		1B4868BB21C1B3970001B41D /* Release */ = {
			isa = XCBuildConfiguration;
			buildSettings = {
				ASSETCATALOG_COMPILER_APPICON_NAME = AppIcon;
				CODE_SIGN_STYLE = Automatic;
				DEVELOPMENT_TEAM = 56CLV9J785;
				INFOPLIST_FILE = myFavoriteEmoji/Info.plist;
				LD_RUNPATH_SEARCH_PATHS = (
					"$(inherited)",
					"@executable_path/Frameworks",
				);
				PRODUCT_BUNDLE_IDENTIFIER = com.stevelederer.myFavoriteEmoji;
				PRODUCT_NAME = "$(TARGET_NAME)";
				SWIFT_VERSION = 4.2;
				TARGETED_DEVICE_FAMILY = "1,2";
			};
			name = Release;
		};
/* End XCBuildConfiguration section */

/* Begin XCConfigurationList section */
		1B48689721C1B3960001B41D /* Build configuration list for PBXProject "myFavoriteEmoji" */ = {
			isa = XCConfigurationList;
			buildConfigurations = (
				1B4868B721C1B3970001B41D /* Debug */,
				1B4868B821C1B3970001B41D /* Release */,
			);
			defaultConfigurationIsVisible = 0;
			defaultConfigurationName = Release;
		};
		1B4868B921C1B3970001B41D /* Build configuration list for PBXNativeTarget "myFavoriteEmoji" */ = {
			isa = XCConfigurationList;
			buildConfigurations = (
				1B4868BA21C1B3970001B41D /* Debug */,
				1B4868BB21C1B3970001B41D /* Release */,
			);
			defaultConfigurationIsVisible = 0;
			defaultConfigurationName = Release;
		};
/* End XCConfigurationList section */
	};
	rootObject = 1B48689421C1B3960001B41D /* Project object */;
}
